
Microsoft Visual Studio Solution File, Format Version 12.00
# Visual Studio Version 16
VisualStudioVersion = 16.0.30804.86
MinimumVisualStudioVersion = 10.0.40219.1
Project("{FAE04EC0-301F-11D3-BF4B-00C04F79EFBC}") = "JokesWebApp", "JokesWebApp.csproj", "{3348A476-348A-4933-9DFF-94F581AC2337}"
EndProject
Global
	GlobalSection(SolutionConfigurationPlatforms) = preSolution
		Debug|Any CPU = Debug|Any CPU
		Release|Any CPU = Release|Any CPU
	EndGlobalSection
	GlobalSection(ProjectConfigurationPlatforms) = postSolution
		{3348A476-348A-4933-9DFF-94F581AC2337}.Debug|Any CPU.ActiveCfg = Debug|Any CPU
		{3348A476-348A-4933-9DFF-94F581AC2337}.Debug|Any CPU.Build.0 = Debug|Any CPU
		{3348A476-348A-4933-9DFF-94F581AC2337}.Release|Any CPU.ActiveCfg = Release|Any CPU
		{3348A476-348A-4933-9DFF-94F581AC2337}.Release|Any CPU.Build.0 = Release|Any CPU
	EndGlobalSection
	GlobalSection(SolutionProperties) = preSolution
		HideSolutionNode = FALSE
	EndGlobalSection
	GlobalSection(ExtensibilityGlobals) = postSolution
		SolutionGuid = {17070C1D-FFDB-4AAB-B6EF-DFC770384782}
	EndGlobalSection
EndGlobal
